
Microsoft Visual Studio Solution File, Format Version 12.00
# Visual Studio Version 17
VisualStudioVersion = 17.0.32112.339
MinimumVisualStudioVersion = 10.0.40219.1
Project("{9A19103F-16F7-4668-BE54-9A1E7A4F7556}") = "ConsoleApp1", "ConsoleApp1\ConsoleApp1.csproj", "{9AAEB758-97A4-4D94-B4AE-F080DD340F84}"
EndProject
Project("{2150E333-8FDC-42A3-9474-1A3956D46DE8}") = "Solution Items", "Solution Items", "{C36852D9-6D58-4628-82B0-7DD7E60747D1}"
	ProjectSection(SolutionItems) = preProject
		Assignments.md = Assignments.md
		readme.md = readme.md
	EndProjectSection
EndProject
Project("{9A19103F-16F7-4668-BE54-9A1E7A4F7556}") = "CS_Methods", "CS_Methods\CS_Methods.csproj", "{0E796075-DA30-4A98-80F1-8659BE37AE01}"
EndProject
Project("{9A19103F-16F7-4668-BE54-9A1E7A4F7556}") = "CS_If_Condition", "CS_If_Condition\CS_If_Condition.csproj", "{5D079BB7-C353-401D-A622-40DE5878D6F3}"
EndProject
Project("{9A19103F-16F7-4668-BE54-9A1E7A4F7556}") = "CS_Strings", "CS_Strings\CS_Strings.csproj", "{35DB5C9C-A65B-49F5-A592-0D3EF5C5F75D}"
EndProject
Project("{9A19103F-16F7-4668-BE54-9A1E7A4F7556}") = "CS_Loops", "CS_Loops\CS_Loops.csproj", "{74172CDB-EAAC-4AD3-A2BA-1AA62ED6E4C1}"
EndProject
Project("{9A19103F-16F7-4668-BE54-9A1E7A4F7556}") = "CS_Parameters", "CS_Parameters\CS_Parameters.csproj", "{AECEAEE3-2209-4658-999B-5919F06E23B6}"
EndProject
Project("{9A19103F-16F7-4668-BE54-9A1E7A4F7556}") = "CS_Array", "CS_Array\CS_Array.csproj", "{EAB2C52B-A2F8-4C39-BD1B-EE8EC8683BF3}"
EndProject
Project("{9A19103F-16F7-4668-BE54-9A1E7A4F7556}") = "CS_Collections", "CS_Collections\CS_Collections.csproj", "{A11A8558-B8CC-470B-963D-A8455F03E6E0}"
EndProject
Project("{9A19103F-16F7-4668-BE54-9A1E7A4F7556}") = "CS_Generics", "CS_Generics\CS_Generics.csproj", "{792820D7-E295-4F8C-9FDD-6EA3057B9C8C}"
EndProject
Project("{9A19103F-16F7-4668-BE54-9A1E7A4F7556}") = "CS_GenericStack", "CS_GenericStack\CS_GenericStack.csproj", "{83BDDE0B-896C-46C9-B704-A5B2444268A0}"
EndProject
Project("{9A19103F-16F7-4668-BE54-9A1E7A4F7556}") = "CS_MultiTypeGenerics", "CS_MultiTypeGenerics\CS_MultiTypeGenerics.csproj", "{7522FA66-DF9C-4E18-9E19-54A222E11E31}"
EndProject
Project("{9A19103F-16F7-4668-BE54-9A1E7A4F7556}") = "CS_BasicOOPs", "CS_BasicOOPs\CS_BasicOOPs.csproj", "{74DA19D1-582E-409A-A6F3-BC4404771AFF}"
EndProject
Project("{9A19103F-16F7-4668-BE54-9A1E7A4F7556}") = "CS_OOPsApp", "CS_OOPsApp\CS_OOPsApp.csproj", "{3A098F4E-FAC7-42B0-B7CE-CDFF1A05320C}"
EndProject
Project("{9A19103F-16F7-4668-BE54-9A1E7A4F7556}") = "CS_AutoProperties", "CS_AutoProperties\CS_AutoProperties.csproj", "{7315E812-260D-4589-954D-FDCE752AADED}"
EndProject
Project("{9A19103F-16F7-4668-BE54-9A1E7A4F7556}") = "CS_Inheritance", "CS_Inheritance\CS_Inheritance.csproj", "{8BEA39C0-4A47-4488-8E23-DC22BED3C788}"
EndProject
Project("{9A19103F-16F7-4668-BE54-9A1E7A4F7556}") = "CS_Interface", "CS_Interface\CS_Interface.csproj", "{A8FD1D12-533A-4A4F-93D9-42D243C16CCC}"
EndProject
Project("{9A19103F-16F7-4668-BE54-9A1E7A4F7556}") = "CS_BasicDelegate", "CS_BasicDelegate\CS_BasicDelegate.csproj", "{1A4CE2A4-6971-42BF-A9A2-10A397E1853B}"
EndProject
Project("{9A19103F-16F7-4668-BE54-9A1E7A4F7556}") = "CS_AnonymousMethod_Lamdba", "CS_AnonymousMethod_Lamdba\CS_AnonymousMethod_Lamdba.csproj", "{59EF9583-A80E-405C-8296-207162E79A4E}"
EndProject
Project("{9A19103F-16F7-4668-BE54-9A1E7A4F7556}") = "CS_Events", "CS_Events\CS_Events.csproj", "{90E9C1CA-C8F2-4662-956A-DC0DCE1FDBDE}"
EndProject
Project("{9A19103F-16F7-4668-BE54-9A1E7A4F7556}") = "CS_Extension", "CS_Extension\CS_Extension.csproj", "{A401210C-9675-4331-B83B-78F2676BEB81}"
EndProject
Project("{9A19103F-16F7-4668-BE54-9A1E7A4F7556}") = "CS_var", "CS_var\CS_var.csproj", "{569C6B2B-A55B-4F4F-97B0-724D01F4BF03}"
EndProject
Project("{9A19103F-16F7-4668-BE54-9A1E7A4F7556}") = "CS_AppDeveApproach", "CS_AppDeveApproach\CS_AppDeveApproach.csproj", "{5E1EC09E-5872-4C3C-90BD-A40B16120C4C}"
EndProject
Project("{9A19103F-16F7-4668-BE54-9A1E7A4F7556}") = "CS_LINQ_Basics", "CS_LINQ_Basics\CS_LINQ_Basics.csproj", "{8B9CA8DA-BE31-4B81-851A-51A1602AFADA}"
EndProject
Project("{FAE04EC0-301F-11D3-BF4B-00C04F79EFBC}") = "CS_NetFrwk_LINQ", "CS_NetFrwk_LINQ\CS_NetFrwk_LINQ.csproj", "{70C196F0-40B8-4C69-A4D4-2012668A3DE4}"
EndProject
Project("{FAE04EC0-301F-11D3-BF4B-00C04F79EFBC}") = "CS_NetFrwk_AllLINQ", "CS_NetFrwk_AllLINQ\CS_NetFrwk_AllLINQ.csproj", "{B2278B54-0F4C-48A8-A454-913D33C4113E}"
EndProject
Project("{FAE04EC0-301F-11D3-BF4B-00C04F79EFBC}") = "CS_NetFrwk_Imperative_LINQ", "CS_NetFrwk_Imperative_LINQ\CS_NetFrwk_Imperative_LINQ.csproj", "{E0EC3753-3165-4AEE-97AF-3076D329642B}"
EndProject
Project("{FAE04EC0-301F-11D3-BF4B-00C04F79EFBC}") = "CS_NetFrwk_AnonymousType", "CS_NetFrwk_AnonymousType\CS_NetFrwk_AnonymousType.csproj", "{42EFE01F-89FF-443D-A002-55B919E211C4}"
EndProject
Project("{FAE04EC0-301F-11D3-BF4B-00C04F79EFBC}") = "CS_NetFrwk_Misc", "CS_NetFrwk_Misc\CS_NetFrwk_Misc.csproj", "{0EF9F7FB-5A3D-4B83-B66C-81CE389046DE}"
EndProject
Project("{2150E333-8FDC-42A3-9474-1A3956D46DE8}") = "FileIOApps", "FileIOApps", "{86C5E3DF-5983-4694-BBC4-ED6BF10AA8C4}"
EndProject
Project("{FAE04EC0-301F-11D3-BF4B-00C04F79EFBC}") = "CS_UsingFile", "CS_UsingFile\CS_UsingFile.csproj", "{5DC83FD6-742F-4AB0-AFB4-7C3A974F7C99}"
EndProject
Project("{FAE04EC0-301F-11D3-BF4B-00C04F79EFBC}") = "CS_Streams", "CS_Streams\CS_Streams.csproj", "{66FE4796-9841-4BA6-9566-4133FE0EE791}"
EndProject
Project("{9A19103F-16F7-4668-BE54-9A1E7A4F7556}") = "CS_Serialization", "CS_Serialization\CS_Serialization.csproj", "{30D457A0-BB1E-40F5-A3EB-D6B085E3F923}"
EndProject
Project("{9A19103F-16F7-4668-BE54-9A1E7A4F7556}") = "CS_Collection_Serialization", "CS_Collection_Serialization\CS_Collection_Serialization.csproj", "{C00841A5-A969-45D9-A810-EA04ADBF18F8}"
EndProject
Project("{9A19103F-16F7-4668-BE54-9A1E7A4F7556}") = "CS_Directories", "CS_Directories\CS_Directories.csproj", "{F5773792-7384-4B50-ACB1-B89D17259AB7}"
EndProject
Project("{2150E333-8FDC-42A3-9474-1A3956D46DE8}") = "sqlqueries", "sqlqueries", "{B091C776-B115-4319-8131-6E5362E5AB52}"
	ProjectSection(SolutionItems) = preProject
		SQLServerDemo\Joins_Groups.sql = SQLServerDemo\Joins_Groups.sql
		MyQueries.md = MyQueries.md
		SQLServerDemo\MyQueries.sql = SQLServerDemo\MyQueries.sql
		SQLServerDemo\Only_SelectStatements.sql = SQLServerDemo\Only_SelectStatements.sql
		SQLServerDemo\Relations.sql = SQLServerDemo\Relations.sql
		SQLServerDemo\SP_Error_Handling_IF_ELSE.sql = SQLServerDemo\SP_Error_Handling_IF_ELSE.sql
		SQLServerDemo\Standard_table.sql = SQLServerDemo\Standard_table.sql
		SQLServerDemo\triggers.sql = SQLServerDemo\triggers.sql
		SQLServerDemo\Using_SP.sql = SQLServerDemo\Using_SP.sql
	EndProjectSection
EndProject
Project("{2150E333-8FDC-42A3-9474-1A3956D46DE8}") = "dbapps", "dbapps", "{50748FFD-D3B3-4D62-911A-6582BCC180A4}"
EndProject
Project("{FAE04EC0-301F-11D3-BF4B-00C04F79EFBC}") = "CS_NetFrwk_ConnectedArchitecture", "CS_NetFrwk_ConnectedArchitecture\CS_NetFrwk_ConnectedArchitecture.csproj", "{6C035641-965A-4839-A239-C51F8DEA7621}"
EndProject
Project("{FAE04EC0-301F-11D3-BF4B-00C04F79EFBC}") = "CS_NetFrwk_ConnectedApp", "CS_NetFrwk_ConnectedApp\CS_NetFrwk_ConnectedApp.csproj", "{ED484F36-3023-4F72-A728-CC8460D48A8F}"
EndProject
Project("{FAE04EC0-301F-11D3-BF4B-00C04F79EFBC}") = "CS_NetFrwk_Disconnected", "CS_NetFrwk_Disconnected\CS_NetFrwk_Disconnected.csproj", "{C9CB6AD7-18F0-4B78-A2C3-D01929820516}"
EndProject
Project("{FAE04EC0-301F-11D3-BF4B-00C04F79EFBC}") = "CS_NetFrwkRelations", "CS_NetFrwkRelations\CS_NetFrwkRelations.csproj", "{DA6664CF-E183-406F-A329-462E32901EF3}"
EndProject
Project("{FAE04EC0-301F-11D3-BF4B-00C04F79EFBC}") = "CS+NetFrwk_StoredProcs", "CS+NetFrwk_StoredProcs\CS+NetFrwk_StoredProcs.csproj", "{B8E06902-9320-4976-BA15-72A5578A695A}"
EndProject
Project("{FAE04EC0-301F-11D3-BF4B-00C04F79EFBC}") = "CS_NetFrwk_SP_OutoutParameter", "CS_NetFrwk_SP_OutoutParameter\CS_NetFrwk_SP_OutoutParameter.csproj", "{41172A0D-93B7-47B4-BD54-2745A2EC1095}"
EndProject
Project("{2150E333-8FDC-42A3-9474-1A3956D46DE8}") = "codeexecution", "codeexecution", "{E7C99323-9944-4754-B8E8-264DA70684F5}"
EndProject
Project("{FAE04EC0-301F-11D3-BF4B-00C04F79EFBC}") = "CS_NetFrwk_Scope", "CS_NetFrwk_Scope\CS_NetFrwk_Scope.csproj", "{CE339917-1817-410A-A0D6-EFF144FBF261}"
EndProject
Project("{FAE04EC0-301F-11D3-BF4B-00C04F79EFBC}") = "CS_Dispose", "CS_Dispose\CS_Dispose.csproj", "{A12D98C0-55F5-438C-9F8A-F5382E6F01A0}"
EndProject
Project("{FAE04EC0-301F-11D3-BF4B-00C04F79EFBC}") = "CS_Thread_Basic", "CS_Thread_Basic\CS_Thread_Basic.csproj", "{F7E5B9D5-A5D3-488A-9D3A-BD0E201D0D52}"
EndProject
Project("{FAE04EC0-301F-11D3-BF4B-00C04F79EFBC}") = "CS_NetFrwk_Collections", "CS_NetFrwk_Collections\CS_NetFrwk_Collections.csproj", "{A0F55BA3-385B-4739-BA2D-FC8799954AA6}"
EndProject
Project("{2150E333-8FDC-42A3-9474-1A3956D46DE8}") = "TPLDemo", "TPLDemo", "{937AC0E7-0A28-4E7B-8F21-D8AABE00886F}"
EndProject
Project("{FAE04EC0-301F-11D3-BF4B-00C04F79EFBC}") = "CS_Parallel", "CS_Parallel\CS_Parallel.csproj", "{622D4950-6E84-4DFF-8AB9-9A9717E3CE96}"
EndProject
Project("{FAE04EC0-301F-11D3-BF4B-00C04F79EFBC}") = "CS_Parallel_Iteration", "CS_Parallel_Iteration\CS_Parallel_Iteration.csproj", "{C18C66D9-E04A-47C4-8792-6B154641366E}"
EndProject
Project("{FAE04EC0-301F-11D3-BF4B-00C04F79EFBC}") = "CS_AsyncDemo", "CS_AsyncDemo\CS_AsyncDemo.csproj", "{608802EB-12B5-4ED4-9F0C-385772211FB4}"
EndProject
Project("{FAE04EC0-301F-11D3-BF4B-00C04F79EFBC}") = "CS_SimpleTask", "CS_SimpleTask\CS_SimpleTask.csproj", "{8EC6B8A4-6F79-465D-8220-C460888C7B45}"
EndProject
Project("{FAE04EC0-301F-11D3-BF4B-00C04F79EFBC}") = "CS_TAsks", "CS_TAsks\CS_TAsks.csproj", "{BEE8787D-891F-42B4-9C2E-9CA952FFD6C2}"
EndProject
Project("{FAE04EC0-301F-11D3-BF4B-00C04F79EFBC}") = "CS_Task_Continution", "CS_Task_Continution\CS_Task_Continution.csproj", "{24D231C9-15F0-4901-85FE-39E177C786AC}"
EndProject
Project("{FAE04EC0-301F-11D3-BF4B-00C04F79EFBC}") = "CS_TAsk_Return", "CS_TAsk_Return\CS_TAsk_Return.csproj", "{E3CF971E-3167-498F-BB5B-DE6C6E6A7C06}"
EndProject
Project("{FAE04EC0-301F-11D3-BF4B-00C04F79EFBC}") = "CS_Async_Database", "CS_Async_Database\CS_Async_Database.csproj", "{5541A554-BEAF-4DBE-AC7A-97A799CA8007}"
EndProject
Project("{FAE04EC0-301F-11D3-BF4B-00C04F79EFBC}") = "CS_Mutiple_Async", "CS_Mutiple_Async\CS_Mutiple_Async.csproj", "{23FBEEF8-25AF-4E4C-880E-772192A2B1BA}"
EndProject
Project("{FAE04EC0-301F-11D3-BF4B-00C04F79EFBC}") = "CS_Async_Await", "CS_Async_Await\CS_Async_Await.csproj", "{6DC46EF3-A26F-4F08-99C0-4080E32104B7}"
EndProject
Project("{2150E333-8FDC-42A3-9474-1A3956D46DE8}") = "netcoreapps", "netcoreapps", "{33EBA9BB-A08C-4D1D-A09D-58B68FBBEE82}"
EndProject
Project("{9A19103F-16F7-4668-BE54-9A1E7A4F7556}") = "CS_NetCore_For_Execution", "CS_NetCore_For_Execution\CS_NetCore_For_Execution.csproj", "{4292639A-B3C6-414B-9FB7-C05591846BCE}"
EndProject
Project("{9A19103F-16F7-4668-BE54-9A1E7A4F7556}") = "CS_Strting_Extension_CS11", "CS_Strting_Extension_CS11\CS_Strting_Extension_CS11.csproj", "{C0318B48-523B-4E5E-B65A-8508A208AB31}"
EndProject
Project("{9A19103F-16F7-4668-BE54-9A1E7A4F7556}") = "CS_EFCore_DbFirst", "CS_EFCore_DbFirst\CS_EFCore_DbFirst.csproj", "{C4EBDD11-DDC1-4ADB-B0A6-2C1E31084186}"
EndProject
Project("{9A19103F-16F7-4668-BE54-9A1E7A4F7556}") = "CS_EFCore_CodeFIrst", "CS_EFCore_CodeFIrst\CS_EFCore_CodeFIrst.csproj", "{B1236934-3EC6-4A13-9472-751E39F97A18}"
EndProject
Project("{2150E333-8FDC-42A3-9474-1A3956D46DE8}") = "libs", "libs", "{D9D0AB67-F893-4131-8A26-A83866622C67}"
EndProject
Project("{FAE04EC0-301F-11D3-BF4B-00C04F79EFBC}") = "CS_DataStore", "CS_DataStore\CS_DataStore.csproj", "{F322EBC4-CF97-457F-9932-C6ADF1DF830E}"
EndProject
Project("{FAE04EC0-301F-11D3-BF4B-00C04F79EFBC}") = "CS_UI_App", "CS_UI_App\CS_UI_App.csproj", "{2BFCB152-8762-430E-ADC0-870A260067C7}"
EndProject
Project("{2150E333-8FDC-42A3-9474-1A3956D46DE8}") = "reflectiondemo", "reflectiondemo", "{568B83E9-D040-42BE-9214-B65F76315300}"
EndProject
Project("{FAE04EC0-301F-11D3-BF4B-00C04F79EFBC}") = "CS_MathLib", "CS_MathLib\CS_MathLib.csproj", "{2403AA7C-2772-4C72-B39A-D7E9B58D5ECF}"
EndProject
Project("{FAE04EC0-301F-11D3-BF4B-00C04F79EFBC}") = "CS_DynamicLoader", "CS_DynamicLoader\CS_DynamicLoader.csproj", "{B2DC8077-6C1F-4F6F-8ECB-01AAE151851C}"
EndProject
Project("{2150E333-8FDC-42A3-9474-1A3956D46DE8}") = "netcorelibs", "netcorelibs", "{3137B825-0772-47A3-8A74-1141D86823B3}"
EndProject
Project("{9A19103F-16F7-4668-BE54-9A1E7A4F7556}") = "CS_NetCore_Lib", "CS_NetCore_Lib\CS_NetCore_Lib.csproj", "{8B42AA38-79C0-4CEB-8669-A96E2F3F9E6D}"
EndProject
Project("{9A19103F-16F7-4668-BE54-9A1E7A4F7556}") = "CS_Core_Exe", "CS_Core_Exe\CS_Core_Exe.csproj", "{BAD566C5-B899-4974-A8C3-9D29C964FBEA}"
EndProject
Project("{2150E333-8FDC-42A3-9474-1A3956D46DE8}") = "LanguageEnhancements", "LanguageEnhancements", "{11BC6FFD-6479-4C72-88FC-8B61E850BAF4}"
EndProject
Project("{9A19103F-16F7-4668-BE54-9A1E7A4F7556}") = "CS_Discards", "CS_Discards\CS_Discards.csproj", "{A74D72BC-B90F-4B23-A5D2-DE9E3CB4C24F}"
EndProject
Project("{9A19103F-16F7-4668-BE54-9A1E7A4F7556}") = "CS_Inline_Ref_Out", "CS_Inline_Ref_Out\CS_Inline_Ref_Out.csproj", "{7285A82A-6E11-46F2-B5F3-003575FFF1D2}"
EndProject
Project("{9A19103F-16F7-4668-BE54-9A1E7A4F7556}") = "CS_PatternMatching", "CS_PatternMatching\CS_PatternMatching.csproj", "{40C89F10-F8AC-4559-8B62-EF546F22AEBE}"
EndProject
Project("{9A19103F-16F7-4668-BE54-9A1E7A4F7556}") = "CS_Tuples", "CS_Tuples\CS_Tuples.csproj", "{DD5711D9-0D95-45A7-BAB5-211F2CEEFDDD}"
EndProject
Project("{9A19103F-16F7-4668-BE54-9A1E7A4F7556}") = "CS_Record", "CS_Record\CS_Record.csproj", "{F16D7A76-7C67-49CF-8212-854FDF8CF9EC}"
EndProject
Project("{2150E333-8FDC-42A3-9474-1A3956D46DE8}") = "webapps", "webapps", "{B0731D8F-2983-486E-9AE1-E280656F4FEF}"
EndProject
Project("{9A19103F-16F7-4668-BE54-9A1E7A4F7556}") = "Core_WebApp", "Core_WebApp\Core_WebApp.csproj", "{DB4CBDF7-B984-4178-BB78-FCA64ABADB34}"
EndProject
Project("{2150E333-8FDC-42A3-9474-1A3956D46DE8}") = "webapiapps", "webapiapps", "{6E70CDE5-AFF0-4065-9BA6-33D4034F2C3A}"
EndProject
Project("{9A19103F-16F7-4668-BE54-9A1E7A4F7556}") = "Csore_API", "Csore_API\Csore_API.csproj", "{51648FC8-2A11-4C8D-8FC9-EB98D88E3A05}"
EndProject
Project("{2150E333-8FDC-42A3-9474-1A3956D46DE8}") = "RazorViews", "RazorViews", "{B0ABFF3F-2309-4C26-B2DC-3B24CEBC2B1C}"
EndProject
Project("{9A19103F-16F7-4668-BE54-9A1E7A4F7556}") = "Core_RazorViews", "Core_RazorViews\Core_RazorViews.csproj", "{8439EB82-00B4-489B-8368-A0AD522BD3D6}"
EndProject
Project("{2150E333-8FDC-42A3-9474-1A3956D46DE8}") = "Blazorwasm", "Blazorwasm", "{9F2E3B07-5875-438F-89FB-AD541A75B826}"
EndProject
Project("{9A19103F-16F7-4668-BE54-9A1E7A4F7556}") = "Blazor_Wasm", "Blazor_Wasm\Blazor_Wasm.csproj", "{73C0EA02-DF3A-4EF5-839A-E6112EDDC209}"
EndProject
Project("{2150E333-8FDC-42A3-9474-1A3956D46DE8}") = "fullstack", "fullstack", "{3DCC7FBB-B977-4FE7-8C27-8123A1B79C79}"
EndProject
Project("{2150E333-8FDC-42A3-9474-1A3956D46DE8}") = "API", "API", "{14D021F2-6720-45A6-8DF1-40B021A01216}"
EndProject
Project("{2150E333-8FDC-42A3-9474-1A3956D46DE8}") = "FrontENd", "FrontENd", "{7756E37D-6E7F-47E5-9D8B-9647A635D955}"
EndProject
Project("{2150E333-8FDC-42A3-9474-1A3956D46DE8}") = "SHared", "SHared", "{606C94B1-EB61-478A-A4EF-BB4FEB413547}"
EndProject
Project("{9A19103F-16F7-4668-BE54-9A1E7A4F7556}") = "API_App", "API_App\API_App.csproj", "{5FC589C4-C571-4B60-BED0-E6604B4B296E}"
EndProject
Project("{9A19103F-16F7-4668-BE54-9A1E7A4F7556}") = "SharedModels", "SharedModels\SharedModels.csproj", "{4678944A-3C33-4422-AF03-0342C75A3BC9}"
EndProject
Project("{9A19103F-16F7-4668-BE54-9A1E7A4F7556}") = "Blazor_FrontEnd", "Blazor_FrontEnd\Blazor_FrontEnd.csproj", "{46FD18E7-C50F-415D-A83E-C95BBD152BDA}"
EndProject
Project("{9A19103F-16F7-4668-BE54-9A1E7A4F7556}") = "CS_Partial", "CS_Partial\CS_Partial.csproj", "{3B8632CE-6DC7-4ED7-940D-5231A4E88EFA}"
EndProject
Project("{9A19103F-16F7-4668-BE54-9A1E7A4F7556}") = "UtilityUILibrary", "UtilityUILibrary\UtilityUILibrary.csproj", "{2FA311F7-6C22-4B2D-AAA7-E34BD56E5FC3}"
EndProject
Project("{2150E333-8FDC-42A3-9474-1A3956D46DE8}") = "Backgroundservicesapps", "Backgroundservicesapps", "{098C7210-2CAF-49E1-98F4-361B18D14B69}"
	ProjectSection(SolutionItems) = preProject
		Notes.md = Notes.md
	EndProjectSection
EndProject
Project("{FAE04EC0-301F-11D3-BF4B-00C04F79EFBC}") = "Core_Sender", "Core_Sender\Core_Sender.csproj", "{9FFBF726-1CD7-4488-A737-34E7F951F95D}"
EndProject
Project("{FAE04EC0-301F-11D3-BF4B-00C04F79EFBC}") = "Core_Receiver", "Core_Receiver\Core_Receiver.csproj", "{6801665A-65BD-4698-9C12-4CCC2BC19B10}"
EndProject
Global
	GlobalSection(SolutionConfigurationPlatforms) = preSolution
		Debug|Any CPU = Debug|Any CPU
		Release|Any CPU = Release|Any CPU
	EndGlobalSection
	GlobalSection(ProjectConfigurationPlatforms) = postSolution
		{9AAEB758-97A4-4D94-B4AE-F080DD340F84}.Debug|Any CPU.ActiveCfg = Debug|Any CPU
		{9AAEB758-97A4-4D94-B4AE-F080DD340F84}.Debug|Any CPU.Build.0 = Debug|Any CPU
		{9AAEB758-97A4-4D94-B4AE-F080DD340F84}.Release|Any CPU.ActiveCfg = Release|Any CPU
		{9AAEB758-97A4-4D94-B4AE-F080DD340F84}.Release|Any CPU.Build.0 = Release|Any CPU
		{0E796075-DA30-4A98-80F1-8659BE37AE01}.Debug|Any CPU.ActiveCfg = Debug|Any CPU
		{0E796075-DA30-4A98-80F1-8659BE37AE01}.Debug|Any CPU.Build.0 = Debug|Any CPU
		{0E796075-DA30-4A98-80F1-8659BE37AE01}.Release|Any CPU.ActiveCfg = Release|Any CPU
		{0E796075-DA30-4A98-80F1-8659BE37AE01}.Release|Any CPU.Build.0 = Release|Any CPU
		{5D079BB7-C353-401D-A622-40DE5878D6F3}.Debug|Any CPU.ActiveCfg = Debug|Any CPU
		{5D079BB7-C353-401D-A622-40DE5878D6F3}.Debug|Any CPU.Build.0 = Debug|Any CPU
		{5D079BB7-C353-401D-A622-40DE5878D6F3}.Release|Any CPU.ActiveCfg = Release|Any CPU
		{5D079BB7-C353-401D-A622-40DE5878D6F3}.Release|Any CPU.Build.0 = Release|Any CPU
		{35DB5C9C-A65B-49F5-A592-0D3EF5C5F75D}.Debug|Any CPU.ActiveCfg = Debug|Any CPU
		{35DB5C9C-A65B-49F5-A592-0D3EF5C5F75D}.Debug|Any CPU.Build.0 = Debug|Any CPU
		{35DB5C9C-A65B-49F5-A592-0D3EF5C5F75D}.Release|Any CPU.ActiveCfg = Release|Any CPU
		{35DB5C9C-A65B-49F5-A592-0D3EF5C5F75D}.Release|Any CPU.Build.0 = Release|Any CPU
		{74172CDB-EAAC-4AD3-A2BA-1AA62ED6E4C1}.Debug|Any CPU.ActiveCfg = Debug|Any CPU
		{74172CDB-EAAC-4AD3-A2BA-1AA62ED6E4C1}.Debug|Any CPU.Build.0 = Debug|Any CPU
		{74172CDB-EAAC-4AD3-A2BA-1AA62ED6E4C1}.Release|Any CPU.ActiveCfg = Release|Any CPU
		{74172CDB-EAAC-4AD3-A2BA-1AA62ED6E4C1}.Release|Any CPU.Build.0 = Release|Any CPU
		{AECEAEE3-2209-4658-999B-5919F06E23B6}.Debug|Any CPU.ActiveCfg = Debug|Any CPU
		{AECEAEE3-2209-4658-999B-5919F06E23B6}.Debug|Any CPU.Build.0 = Debug|Any CPU
		{AECEAEE3-2209-4658-999B-5919F06E23B6}.Release|Any CPU.ActiveCfg = Release|Any CPU
		{AECEAEE3-2209-4658-999B-5919F06E23B6}.Release|Any CPU.Build.0 = Release|Any CPU
		{EAB2C52B-A2F8-4C39-BD1B-EE8EC8683BF3}.Debug|Any CPU.ActiveCfg = Debug|Any CPU
		{EAB2C52B-A2F8-4C39-BD1B-EE8EC8683BF3}.Debug|Any CPU.Build.0 = Debug|Any CPU
		{EAB2C52B-A2F8-4C39-BD1B-EE8EC8683BF3}.Release|Any CPU.ActiveCfg = Release|Any CPU
		{EAB2C52B-A2F8-4C39-BD1B-EE8EC8683BF3}.Release|Any CPU.Build.0 = Release|Any CPU
		{A11A8558-B8CC-470B-963D-A8455F03E6E0}.Debug|Any CPU.ActiveCfg = Debug|Any CPU
		{A11A8558-B8CC-470B-963D-A8455F03E6E0}.Debug|Any CPU.Build.0 = Debug|Any CPU
		{A11A8558-B8CC-470B-963D-A8455F03E6E0}.Release|Any CPU.ActiveCfg = Release|Any CPU
		{A11A8558-B8CC-470B-963D-A8455F03E6E0}.Release|Any CPU.Build.0 = Release|Any CPU
		{792820D7-E295-4F8C-9FDD-6EA3057B9C8C}.Debug|Any CPU.ActiveCfg = Debug|Any CPU
		{792820D7-E295-4F8C-9FDD-6EA3057B9C8C}.Debug|Any CPU.Build.0 = Debug|Any CPU
		{792820D7-E295-4F8C-9FDD-6EA3057B9C8C}.Release|Any CPU.ActiveCfg = Release|Any CPU
		{792820D7-E295-4F8C-9FDD-6EA3057B9C8C}.Release|Any CPU.Build.0 = Release|Any CPU
		{83BDDE0B-896C-46C9-B704-A5B2444268A0}.Debug|Any CPU.ActiveCfg = Debug|Any CPU
		{83BDDE0B-896C-46C9-B704-A5B2444268A0}.Debug|Any CPU.Build.0 = Debug|Any CPU
		{83BDDE0B-896C-46C9-B704-A5B2444268A0}.Release|Any CPU.ActiveCfg = Release|Any CPU
		{83BDDE0B-896C-46C9-B704-A5B2444268A0}.Release|Any CPU.Build.0 = Release|Any CPU
		{7522FA66-DF9C-4E18-9E19-54A222E11E31}.Debug|Any CPU.ActiveCfg = Debug|Any CPU
		{7522FA66-DF9C-4E18-9E19-54A222E11E31}.Debug|Any CPU.Build.0 = Debug|Any CPU
		{7522FA66-DF9C-4E18-9E19-54A222E11E31}.Release|Any CPU.ActiveCfg = Release|Any CPU
		{7522FA66-DF9C-4E18-9E19-54A222E11E31}.Release|Any CPU.Build.0 = Release|Any CPU
		{74DA19D1-582E-409A-A6F3-BC4404771AFF}.Debug|Any CPU.ActiveCfg = Debug|Any CPU
		{74DA19D1-582E-409A-A6F3-BC4404771AFF}.Debug|Any CPU.Build.0 = Debug|Any CPU
		{74DA19D1-582E-409A-A6F3-BC4404771AFF}.Release|Any CPU.ActiveCfg = Release|Any CPU
		{74DA19D1-582E-409A-A6F3-BC4404771AFF}.Release|Any CPU.Build.0 = Release|Any CPU
		{3A098F4E-FAC7-42B0-B7CE-CDFF1A05320C}.Debug|Any CPU.ActiveCfg = Debug|Any CPU
		{3A098F4E-FAC7-42B0-B7CE-CDFF1A05320C}.Debug|Any CPU.Build.0 = Debug|Any CPU
		{3A098F4E-FAC7-42B0-B7CE-CDFF1A05320C}.Release|Any CPU.ActiveCfg = Release|Any CPU
		{3A098F4E-FAC7-42B0-B7CE-CDFF1A05320C}.Release|Any CPU.Build.0 = Release|Any CPU
		{7315E812-260D-4589-954D-FDCE752AADED}.Debug|Any CPU.ActiveCfg = Debug|Any CPU
		{7315E812-260D-4589-954D-FDCE752AADED}.Debug|Any CPU.Build.0 = Debug|Any CPU
		{7315E812-260D-4589-954D-FDCE752AADED}.Release|Any CPU.ActiveCfg = Release|Any CPU
		{7315E812-260D-4589-954D-FDCE752AADED}.Release|Any CPU.Build.0 = Release|Any CPU
		{8BEA39C0-4A47-4488-8E23-DC22BED3C788}.Debug|Any CPU.ActiveCfg = Debug|Any CPU
		{8BEA39C0-4A47-4488-8E23-DC22BED3C788}.Debug|Any CPU.Build.0 = Debug|Any CPU
		{8BEA39C0-4A47-4488-8E23-DC22BED3C788}.Release|Any CPU.ActiveCfg = Release|Any CPU
		{8BEA39C0-4A47-4488-8E23-DC22BED3C788}.Release|Any CPU.Build.0 = Release|Any CPU
		{A8FD1D12-533A-4A4F-93D9-42D243C16CCC}.Debug|Any CPU.ActiveCfg = Debug|Any CPU
		{A8FD1D12-533A-4A4F-93D9-42D243C16CCC}.Debug|Any CPU.Build.0 = Debug|Any CPU
		{A8FD1D12-533A-4A4F-93D9-42D243C16CCC}.Release|Any CPU.ActiveCfg = Release|Any CPU
		{A8FD1D12-533A-4A4F-93D9-42D243C16CCC}.Release|Any CPU.Build.0 = Release|Any CPU
		{1A4CE2A4-6971-42BF-A9A2-10A397E1853B}.Debug|Any CPU.ActiveCfg = Debug|Any CPU
		{1A4CE2A4-6971-42BF-A9A2-10A397E1853B}.Debug|Any CPU.Build.0 = Debug|Any CPU
		{1A4CE2A4-6971-42BF-A9A2-10A397E1853B}.Release|Any CPU.ActiveCfg = Release|Any CPU
		{1A4CE2A4-6971-42BF-A9A2-10A397E1853B}.Release|Any CPU.Build.0 = Release|Any CPU
		{59EF9583-A80E-405C-8296-207162E79A4E}.Debug|Any CPU.ActiveCfg = Debug|Any CPU
		{59EF9583-A80E-405C-8296-207162E79A4E}.Debug|Any CPU.Build.0 = Debug|Any CPU
		{59EF9583-A80E-405C-8296-207162E79A4E}.Release|Any CPU.ActiveCfg = Release|Any CPU
		{59EF9583-A80E-405C-8296-207162E79A4E}.Release|Any CPU.Build.0 = Release|Any CPU
		{90E9C1CA-C8F2-4662-956A-DC0DCE1FDBDE}.Debug|Any CPU.ActiveCfg = Debug|Any CPU
		{90E9C1CA-C8F2-4662-956A-DC0DCE1FDBDE}.Debug|Any CPU.Build.0 = Debug|Any CPU
		{90E9C1CA-C8F2-4662-956A-DC0DCE1FDBDE}.Release|Any CPU.ActiveCfg = Release|Any CPU
		{90E9C1CA-C8F2-4662-956A-DC0DCE1FDBDE}.Release|Any CPU.Build.0 = Release|Any CPU
		{A401210C-9675-4331-B83B-78F2676BEB81}.Debug|Any CPU.ActiveCfg = Debug|Any CPU
		{A401210C-9675-4331-B83B-78F2676BEB81}.Debug|Any CPU.Build.0 = Debug|Any CPU
		{A401210C-9675-4331-B83B-78F2676BEB81}.Release|Any CPU.ActiveCfg = Release|Any CPU
		{A401210C-9675-4331-B83B-78F2676BEB81}.Release|Any CPU.Build.0 = Release|Any CPU
		{569C6B2B-A55B-4F4F-97B0-724D01F4BF03}.Debug|Any CPU.ActiveCfg = Debug|Any CPU
		{569C6B2B-A55B-4F4F-97B0-724D01F4BF03}.Debug|Any CPU.Build.0 = Debug|Any CPU
		{569C6B2B-A55B-4F4F-97B0-724D01F4BF03}.Release|Any CPU.ActiveCfg = Release|Any CPU
		{569C6B2B-A55B-4F4F-97B0-724D01F4BF03}.Release|Any CPU.Build.0 = Release|Any CPU
		{5E1EC09E-5872-4C3C-90BD-A40B16120C4C}.Debug|Any CPU.ActiveCfg = Debug|Any CPU
		{5E1EC09E-5872-4C3C-90BD-A40B16120C4C}.Debug|Any CPU.Build.0 = Debug|Any CPU
		{5E1EC09E-5872-4C3C-90BD-A40B16120C4C}.Release|Any CPU.ActiveCfg = Release|Any CPU
		{5E1EC09E-5872-4C3C-90BD-A40B16120C4C}.Release|Any CPU.Build.0 = Release|Any CPU
		{8B9CA8DA-BE31-4B81-851A-51A1602AFADA}.Debug|Any CPU.ActiveCfg = Debug|Any CPU
		{8B9CA8DA-BE31-4B81-851A-51A1602AFADA}.Debug|Any CPU.Build.0 = Debug|Any CPU
		{8B9CA8DA-BE31-4B81-851A-51A1602AFADA}.Release|Any CPU.ActiveCfg = Release|Any CPU
		{8B9CA8DA-BE31-4B81-851A-51A1602AFADA}.Release|Any CPU.Build.0 = Release|Any CPU
		{70C196F0-40B8-4C69-A4D4-2012668A3DE4}.Debug|Any CPU.ActiveCfg = Debug|Any CPU
		{70C196F0-40B8-4C69-A4D4-2012668A3DE4}.Debug|Any CPU.Build.0 = Debug|Any CPU
		{70C196F0-40B8-4C69-A4D4-2012668A3DE4}.Release|Any CPU.ActiveCfg = Release|Any CPU
		{70C196F0-40B8-4C69-A4D4-2012668A3DE4}.Release|Any CPU.Build.0 = Release|Any CPU
		{B2278B54-0F4C-48A8-A454-913D33C4113E}.Debug|Any CPU.ActiveCfg = Debug|Any CPU
		{B2278B54-0F4C-48A8-A454-913D33C4113E}.Debug|Any CPU.Build.0 = Debug|Any CPU
		{B2278B54-0F4C-48A8-A454-913D33C4113E}.Release|Any CPU.ActiveCfg = Release|Any CPU
		{B2278B54-0F4C-48A8-A454-913D33C4113E}.Release|Any CPU.Build.0 = Release|Any CPU
		{E0EC3753-3165-4AEE-97AF-3076D329642B}.Debug|Any CPU.ActiveCfg = Debug|Any CPU
		{E0EC3753-3165-4AEE-97AF-3076D329642B}.Debug|Any CPU.Build.0 = Debug|Any CPU
		{E0EC3753-3165-4AEE-97AF-3076D329642B}.Release|Any CPU.ActiveCfg = Release|Any CPU
		{E0EC3753-3165-4AEE-97AF-3076D329642B}.Release|Any CPU.Build.0 = Release|Any CPU
		{42EFE01F-89FF-443D-A002-55B919E211C4}.Debug|Any CPU.ActiveCfg = Debug|Any CPU
		{42EFE01F-89FF-443D-A002-55B919E211C4}.Debug|Any CPU.Build.0 = Debug|Any CPU
		{42EFE01F-89FF-443D-A002-55B919E211C4}.Release|Any CPU.ActiveCfg = Release|Any CPU
		{42EFE01F-89FF-443D-A002-55B919E211C4}.Release|Any CPU.Build.0 = Release|Any CPU
		{0EF9F7FB-5A3D-4B83-B66C-81CE389046DE}.Debug|Any CPU.ActiveCfg = Debug|Any CPU
		{0EF9F7FB-5A3D-4B83-B66C-81CE389046DE}.Debug|Any CPU.Build.0 = Debug|Any CPU
		{0EF9F7FB-5A3D-4B83-B66C-81CE389046DE}.Release|Any CPU.ActiveCfg = Release|Any CPU
		{0EF9F7FB-5A3D-4B83-B66C-81CE389046DE}.Release|Any CPU.Build.0 = Release|Any CPU
		{5DC83FD6-742F-4AB0-AFB4-7C3A974F7C99}.Debug|Any CPU.ActiveCfg = Debug|Any CPU
		{5DC83FD6-742F-4AB0-AFB4-7C3A974F7C99}.Debug|Any CPU.Build.0 = Debug|Any CPU
		{5DC83FD6-742F-4AB0-AFB4-7C3A974F7C99}.Release|Any CPU.ActiveCfg = Release|Any CPU
		{5DC83FD6-742F-4AB0-AFB4-7C3A974F7C99}.Release|Any CPU.Build.0 = Release|Any CPU
		{66FE4796-9841-4BA6-9566-4133FE0EE791}.Debug|Any CPU.ActiveCfg = Debug|Any CPU
		{66FE4796-9841-4BA6-9566-4133FE0EE791}.Debug|Any CPU.Build.0 = Debug|Any CPU
		{66FE4796-9841-4BA6-9566-4133FE0EE791}.Release|Any CPU.ActiveCfg = Release|Any CPU
		{66FE4796-9841-4BA6-9566-4133FE0EE791}.Release|Any CPU.Build.0 = Release|Any CPU
		{30D457A0-BB1E-40F5-A3EB-D6B085E3F923}.Debug|Any CPU.ActiveCfg = Debug|Any CPU
		{30D457A0-BB1E-40F5-A3EB-D6B085E3F923}.Debug|Any CPU.Build.0 = Debug|Any CPU
		{30D457A0-BB1E-40F5-A3EB-D6B085E3F923}.Release|Any CPU.ActiveCfg = Release|Any CPU
		{30D457A0-BB1E-40F5-A3EB-D6B085E3F923}.Release|Any CPU.Build.0 = Release|Any CPU
		{C00841A5-A969-45D9-A810-EA04ADBF18F8}.Debug|Any CPU.ActiveCfg = Debug|Any CPU
		{C00841A5-A969-45D9-A810-EA04ADBF18F8}.Debug|Any CPU.Build.0 = Debug|Any CPU
		{C00841A5-A969-45D9-A810-EA04ADBF18F8}.Release|Any CPU.ActiveCfg = Release|Any CPU
		{C00841A5-A969-45D9-A810-EA04ADBF18F8}.Release|Any CPU.Build.0 = Release|Any CPU
		{F5773792-7384-4B50-ACB1-B89D17259AB7}.Debug|Any CPU.ActiveCfg = Debug|Any CPU
		{F5773792-7384-4B50-ACB1-B89D17259AB7}.Debug|Any CPU.Build.0 = Debug|Any CPU
		{F5773792-7384-4B50-ACB1-B89D17259AB7}.Release|Any CPU.ActiveCfg = Release|Any CPU
		{F5773792-7384-4B50-ACB1-B89D17259AB7}.Release|Any CPU.Build.0 = Release|Any CPU
		{6C035641-965A-4839-A239-C51F8DEA7621}.Debug|Any CPU.ActiveCfg = Debug|Any CPU
		{6C035641-965A-4839-A239-C51F8DEA7621}.Debug|Any CPU.Build.0 = Debug|Any CPU
		{6C035641-965A-4839-A239-C51F8DEA7621}.Release|Any CPU.ActiveCfg = Release|Any CPU
		{6C035641-965A-4839-A239-C51F8DEA7621}.Release|Any CPU.Build.0 = Release|Any CPU
		{ED484F36-3023-4F72-A728-CC8460D48A8F}.Debug|Any CPU.ActiveCfg = Debug|Any CPU
		{ED484F36-3023-4F72-A728-CC8460D48A8F}.Debug|Any CPU.Build.0 = Debug|Any CPU
		{ED484F36-3023-4F72-A728-CC8460D48A8F}.Release|Any CPU.ActiveCfg = Release|Any CPU
		{ED484F36-3023-4F72-A728-CC8460D48A8F}.Release|Any CPU.Build.0 = Release|Any CPU
		{C9CB6AD7-18F0-4B78-A2C3-D01929820516}.Debug|Any CPU.ActiveCfg = Debug|Any CPU
		{C9CB6AD7-18F0-4B78-A2C3-D01929820516}.Debug|Any CPU.Build.0 = Debug|Any CPU
		{C9CB6AD7-18F0-4B78-A2C3-D01929820516}.Release|Any CPU.ActiveCfg = Release|Any CPU
		{C9CB6AD7-18F0-4B78-A2C3-D01929820516}.Release|Any CPU.Build.0 = Release|Any CPU
		{DA6664CF-E183-406F-A329-462E32901EF3}.Debug|Any CPU.ActiveCfg = Debug|Any CPU
		{DA6664CF-E183-406F-A329-462E32901EF3}.Debug|Any CPU.Build.0 = Debug|Any CPU
		{DA6664CF-E183-406F-A329-462E32901EF3}.Release|Any CPU.ActiveCfg = Release|Any CPU
		{DA6664CF-E183-406F-A329-462E32901EF3}.Release|Any CPU.Build.0 = Release|Any CPU
		{B8E06902-9320-4976-BA15-72A5578A695A}.Debug|Any CPU.ActiveCfg = Debug|Any CPU
		{B8E06902-9320-4976-BA15-72A5578A695A}.Debug|Any CPU.Build.0 = Debug|Any CPU
		{B8E06902-9320-4976-BA15-72A5578A695A}.Release|Any CPU.ActiveCfg = Release|Any CPU
		{B8E06902-9320-4976-BA15-72A5578A695A}.Release|Any CPU.Build.0 = Release|Any CPU
		{41172A0D-93B7-47B4-BD54-2745A2EC1095}.Debug|Any CPU.ActiveCfg = Debug|Any CPU
		{41172A0D-93B7-47B4-BD54-2745A2EC1095}.Debug|Any CPU.Build.0 = Debug|Any CPU
		{41172A0D-93B7-47B4-BD54-2745A2EC1095}.Release|Any CPU.ActiveCfg = Release|Any CPU
		{41172A0D-93B7-47B4-BD54-2745A2EC1095}.Release|Any CPU.Build.0 = Release|Any CPU
		{CE339917-1817-410A-A0D6-EFF144FBF261}.Debug|Any CPU.ActiveCfg = Debug|Any CPU
		{CE339917-1817-410A-A0D6-EFF144FBF261}.Debug|Any CPU.Build.0 = Debug|Any CPU
		{CE339917-1817-410A-A0D6-EFF144FBF261}.Release|Any CPU.ActiveCfg = Release|Any CPU
		{CE339917-1817-410A-A0D6-EFF144FBF261}.Release|Any CPU.Build.0 = Release|Any CPU
		{A12D98C0-55F5-438C-9F8A-F5382E6F01A0}.Debug|Any CPU.ActiveCfg = Debug|Any CPU
		{A12D98C0-55F5-438C-9F8A-F5382E6F01A0}.Debug|Any CPU.Build.0 = Debug|Any CPU
		{A12D98C0-55F5-438C-9F8A-F5382E6F01A0}.Release|Any CPU.ActiveCfg = Release|Any CPU
		{A12D98C0-55F5-438C-9F8A-F5382E6F01A0}.Release|Any CPU.Build.0 = Release|Any CPU
		{F7E5B9D5-A5D3-488A-9D3A-BD0E201D0D52}.Debug|Any CPU.ActiveCfg = Debug|Any CPU
		{F7E5B9D5-A5D3-488A-9D3A-BD0E201D0D52}.Debug|Any CPU.Build.0 = Debug|Any CPU
		{F7E5B9D5-A5D3-488A-9D3A-BD0E201D0D52}.Release|Any CPU.ActiveCfg = Release|Any CPU
		{F7E5B9D5-A5D3-488A-9D3A-BD0E201D0D52}.Release|Any CPU.Build.0 = Release|Any CPU
		{A0F55BA3-385B-4739-BA2D-FC8799954AA6}.Debug|Any CPU.ActiveCfg = Debug|Any CPU
		{A0F55BA3-385B-4739-BA2D-FC8799954AA6}.Debug|Any CPU.Build.0 = Debug|Any CPU
		{A0F55BA3-385B-4739-BA2D-FC8799954AA6}.Release|Any CPU.ActiveCfg = Release|Any CPU
		{A0F55BA3-385B-4739-BA2D-FC8799954AA6}.Release|Any CPU.Build.0 = Release|Any CPU
		{622D4950-6E84-4DFF-8AB9-9A9717E3CE96}.Debug|Any CPU.ActiveCfg = Debug|Any CPU
		{622D4950-6E84-4DFF-8AB9-9A9717E3CE96}.Debug|Any CPU.Build.0 = Debug|Any CPU
		{622D4950-6E84-4DFF-8AB9-9A9717E3CE96}.Release|Any CPU.ActiveCfg = Release|Any CPU
		{622D4950-6E84-4DFF-8AB9-9A9717E3CE96}.Release|Any CPU.Build.0 = Release|Any CPU
		{C18C66D9-E04A-47C4-8792-6B154641366E}.Debug|Any CPU.ActiveCfg = Debug|Any CPU
		{C18C66D9-E04A-47C4-8792-6B154641366E}.Debug|Any CPU.Build.0 = Debug|Any CPU
		{C18C66D9-E04A-47C4-8792-6B154641366E}.Release|Any CPU.ActiveCfg = Release|Any CPU
		{C18C66D9-E04A-47C4-8792-6B154641366E}.Release|Any CPU.Build.0 = Release|Any CPU
		{608802EB-12B5-4ED4-9F0C-385772211FB4}.Debug|Any CPU.ActiveCfg = Debug|Any CPU
		{608802EB-12B5-4ED4-9F0C-385772211FB4}.Debug|Any CPU.Build.0 = Debug|Any CPU
		{608802EB-12B5-4ED4-9F0C-385772211FB4}.Release|Any CPU.ActiveCfg = Release|Any CPU
		{608802EB-12B5-4ED4-9F0C-385772211FB4}.Release|Any CPU.Build.0 = Release|Any CPU
		{8EC6B8A4-6F79-465D-8220-C460888C7B45}.Debug|Any CPU.ActiveCfg = Debug|Any CPU
		{8EC6B8A4-6F79-465D-8220-C460888C7B45}.Debug|Any CPU.Build.0 = Debug|Any CPU
		{8EC6B8A4-6F79-465D-8220-C460888C7B45}.Release|Any CPU.ActiveCfg = Release|Any CPU
		{8EC6B8A4-6F79-465D-8220-C460888C7B45}.Release|Any CPU.Build.0 = Release|Any CPU
		{BEE8787D-891F-42B4-9C2E-9CA952FFD6C2}.Debug|Any CPU.ActiveCfg = Debug|Any CPU
		{BEE8787D-891F-42B4-9C2E-9CA952FFD6C2}.Debug|Any CPU.Build.0 = Debug|Any CPU
		{BEE8787D-891F-42B4-9C2E-9CA952FFD6C2}.Release|Any CPU.ActiveCfg = Release|Any CPU
		{BEE8787D-891F-42B4-9C2E-9CA952FFD6C2}.Release|Any CPU.Build.0 = Release|Any CPU
		{24D231C9-15F0-4901-85FE-39E177C786AC}.Debug|Any CPU.ActiveCfg = Debug|Any CPU
		{24D231C9-15F0-4901-85FE-39E177C786AC}.Debug|Any CPU.Build.0 = Debug|Any CPU
		{24D231C9-15F0-4901-85FE-39E177C786AC}.Release|Any CPU.ActiveCfg = Release|Any CPU
		{24D231C9-15F0-4901-85FE-39E177C786AC}.Release|Any CPU.Build.0 = Release|Any CPU
		{E3CF971E-3167-498F-BB5B-DE6C6E6A7C06}.Debug|Any CPU.ActiveCfg = Debug|Any CPU
		{E3CF971E-3167-498F-BB5B-DE6C6E6A7C06}.Debug|Any CPU.Build.0 = Debug|Any CPU
		{E3CF971E-3167-498F-BB5B-DE6C6E6A7C06}.Release|Any CPU.ActiveCfg = Release|Any CPU
		{E3CF971E-3167-498F-BB5B-DE6C6E6A7C06}.Release|Any CPU.Build.0 = Release|Any CPU
		{5541A554-BEAF-4DBE-AC7A-97A799CA8007}.Debug|Any CPU.ActiveCfg = Debug|Any CPU
		{5541A554-BEAF-4DBE-AC7A-97A799CA8007}.Debug|Any CPU.Build.0 = Debug|Any CPU
		{5541A554-BEAF-4DBE-AC7A-97A799CA8007}.Release|Any CPU.ActiveCfg = Release|Any CPU
		{5541A554-BEAF-4DBE-AC7A-97A799CA8007}.Release|Any CPU.Build.0 = Release|Any CPU
		{23FBEEF8-25AF-4E4C-880E-772192A2B1BA}.Debug|Any CPU.ActiveCfg = Debug|Any CPU
		{23FBEEF8-25AF-4E4C-880E-772192A2B1BA}.Debug|Any CPU.Build.0 = Debug|Any CPU
		{23FBEEF8-25AF-4E4C-880E-772192A2B1BA}.Release|Any CPU.ActiveCfg = Release|Any CPU
		{23FBEEF8-25AF-4E4C-880E-772192A2B1BA}.Release|Any CPU.Build.0 = Release|Any CPU
		{6DC46EF3-A26F-4F08-99C0-4080E32104B7}.Debug|Any CPU.ActiveCfg = Debug|Any CPU
		{6DC46EF3-A26F-4F08-99C0-4080E32104B7}.Debug|Any CPU.Build.0 = Debug|Any CPU
		{6DC46EF3-A26F-4F08-99C0-4080E32104B7}.Release|Any CPU.ActiveCfg = Release|Any CPU
		{6DC46EF3-A26F-4F08-99C0-4080E32104B7}.Release|Any CPU.Build.0 = Release|Any CPU
		{4292639A-B3C6-414B-9FB7-C05591846BCE}.Debug|Any CPU.ActiveCfg = Debug|Any CPU
		{4292639A-B3C6-414B-9FB7-C05591846BCE}.Debug|Any CPU.Build.0 = Debug|Any CPU
		{4292639A-B3C6-414B-9FB7-C05591846BCE}.Release|Any CPU.ActiveCfg = Release|Any CPU
		{4292639A-B3C6-414B-9FB7-C05591846BCE}.Release|Any CPU.Build.0 = Release|Any CPU
		{C0318B48-523B-4E5E-B65A-8508A208AB31}.Debug|Any CPU.ActiveCfg = Debug|Any CPU
		{C0318B48-523B-4E5E-B65A-8508A208AB31}.Debug|Any CPU.Build.0 = Debug|Any CPU
		{C0318B48-523B-4E5E-B65A-8508A208AB31}.Release|Any CPU.ActiveCfg = Release|Any CPU
		{C0318B48-523B-4E5E-B65A-8508A208AB31}.Release|Any CPU.Build.0 = Release|Any CPU
		{C4EBDD11-DDC1-4ADB-B0A6-2C1E31084186}.Debug|Any CPU.ActiveCfg = Debug|Any CPU
		{C4EBDD11-DDC1-4ADB-B0A6-2C1E31084186}.Debug|Any CPU.Build.0 = Debug|Any CPU
		{C4EBDD11-DDC1-4ADB-B0A6-2C1E31084186}.Release|Any CPU.ActiveCfg = Release|Any CPU
		{C4EBDD11-DDC1-4ADB-B0A6-2C1E31084186}.Release|Any CPU.Build.0 = Release|Any CPU
		{B1236934-3EC6-4A13-9472-751E39F97A18}.Debug|Any CPU.ActiveCfg = Debug|Any CPU
		{B1236934-3EC6-4A13-9472-751E39F97A18}.Debug|Any CPU.Build.0 = Debug|Any CPU
		{B1236934-3EC6-4A13-9472-751E39F97A18}.Release|Any CPU.ActiveCfg = Release|Any CPU
		{B1236934-3EC6-4A13-9472-751E39F97A18}.Release|Any CPU.Build.0 = Release|Any CPU
		{F322EBC4-CF97-457F-9932-C6ADF1DF830E}.Debug|Any CPU.ActiveCfg = Debug|Any CPU
		{F322EBC4-CF97-457F-9932-C6ADF1DF830E}.Debug|Any CPU.Build.0 = Debug|Any CPU
		{F322EBC4-CF97-457F-9932-C6ADF1DF830E}.Release|Any CPU.ActiveCfg = Release|Any CPU
		{F322EBC4-CF97-457F-9932-C6ADF1DF830E}.Release|Any CPU.Build.0 = Release|Any CPU
		{2BFCB152-8762-430E-ADC0-870A260067C7}.Debug|Any CPU.ActiveCfg = Debug|Any CPU
		{2BFCB152-8762-430E-ADC0-870A260067C7}.Debug|Any CPU.Build.0 = Debug|Any CPU
		{2BFCB152-8762-430E-ADC0-870A260067C7}.Release|Any CPU.ActiveCfg = Release|Any CPU
		{2BFCB152-8762-430E-ADC0-870A260067C7}.Release|Any CPU.Build.0 = Release|Any CPU
		{2403AA7C-2772-4C72-B39A-D7E9B58D5ECF}.Debug|Any CPU.ActiveCfg = Debug|Any CPU
		{2403AA7C-2772-4C72-B39A-D7E9B58D5ECF}.Debug|Any CPU.Build.0 = Debug|Any CPU
		{2403AA7C-2772-4C72-B39A-D7E9B58D5ECF}.Release|Any CPU.ActiveCfg = Release|Any CPU
		{2403AA7C-2772-4C72-B39A-D7E9B58D5ECF}.Release|Any CPU.Build.0 = Release|Any CPU
		{B2DC8077-6C1F-4F6F-8ECB-01AAE151851C}.Debug|Any CPU.ActiveCfg = Debug|Any CPU
		{B2DC8077-6C1F-4F6F-8ECB-01AAE151851C}.Debug|Any CPU.Build.0 = Debug|Any CPU
		{B2DC8077-6C1F-4F6F-8ECB-01AAE151851C}.Release|Any CPU.ActiveCfg = Release|Any CPU
		{B2DC8077-6C1F-4F6F-8ECB-01AAE151851C}.Release|Any CPU.Build.0 = Release|Any CPU
		{8B42AA38-79C0-4CEB-8669-A96E2F3F9E6D}.Debug|Any CPU.ActiveCfg = Debug|Any CPU
		{8B42AA38-79C0-4CEB-8669-A96E2F3F9E6D}.Debug|Any CPU.Build.0 = Debug|Any CPU
		{8B42AA38-79C0-4CEB-8669-A96E2F3F9E6D}.Release|Any CPU.ActiveCfg = Release|Any CPU
		{8B42AA38-79C0-4CEB-8669-A96E2F3F9E6D}.Release|Any CPU.Build.0 = Release|Any CPU
		{BAD566C5-B899-4974-A8C3-9D29C964FBEA}.Debug|Any CPU.ActiveCfg = Debug|Any CPU
		{BAD566C5-B899-4974-A8C3-9D29C964FBEA}.Debug|Any CPU.Build.0 = Debug|Any CPU
		{BAD566C5-B899-4974-A8C3-9D29C964FBEA}.Release|Any CPU.ActiveCfg = Release|Any CPU
		{BAD566C5-B899-4974-A8C3-9D29C964FBEA}.Release|Any CPU.Build.0 = Release|Any CPU
		{A74D72BC-B90F-4B23-A5D2-DE9E3CB4C24F}.Debug|Any CPU.ActiveCfg = Debug|Any CPU
		{A74D72BC-B90F-4B23-A5D2-DE9E3CB4C24F}.Debug|Any CPU.Build.0 = Debug|Any CPU
		{A74D72BC-B90F-4B23-A5D2-DE9E3CB4C24F}.Release|Any CPU.ActiveCfg = Release|Any CPU
		{A74D72BC-B90F-4B23-A5D2-DE9E3CB4C24F}.Release|Any CPU.Build.0 = Release|Any CPU
		{7285A82A-6E11-46F2-B5F3-003575FFF1D2}.Debug|Any CPU.ActiveCfg = Debug|Any CPU
		{7285A82A-6E11-46F2-B5F3-003575FFF1D2}.Debug|Any CPU.Build.0 = Debug|Any CPU
		{7285A82A-6E11-46F2-B5F3-003575FFF1D2}.Release|Any CPU.ActiveCfg = Release|Any CPU
		{7285A82A-6E11-46F2-B5F3-003575FFF1D2}.Release|Any CPU.Build.0 = Release|Any CPU
		{40C89F10-F8AC-4559-8B62-EF546F22AEBE}.Debug|Any CPU.ActiveCfg = Debug|Any CPU
		{40C89F10-F8AC-4559-8B62-EF546F22AEBE}.Debug|Any CPU.Build.0 = Debug|Any CPU
		{40C89F10-F8AC-4559-8B62-EF546F22AEBE}.Release|Any CPU.ActiveCfg = Release|Any CPU
		{40C89F10-F8AC-4559-8B62-EF546F22AEBE}.Release|Any CPU.Build.0 = Release|Any CPU
		{DD5711D9-0D95-45A7-BAB5-211F2CEEFDDD}.Debug|Any CPU.ActiveCfg = Debug|Any CPU
		{DD5711D9-0D95-45A7-BAB5-211F2CEEFDDD}.Debug|Any CPU.Build.0 = Debug|Any CPU
		{DD5711D9-0D95-45A7-BAB5-211F2CEEFDDD}.Release|Any CPU.ActiveCfg = Release|Any CPU
		{DD5711D9-0D95-45A7-BAB5-211F2CEEFDDD}.Release|Any CPU.Build.0 = Release|Any CPU
		{F16D7A76-7C67-49CF-8212-854FDF8CF9EC}.Debug|Any CPU.ActiveCfg = Debug|Any CPU
		{F16D7A76-7C67-49CF-8212-854FDF8CF9EC}.Debug|Any CPU.Build.0 = Debug|Any CPU
		{F16D7A76-7C67-49CF-8212-854FDF8CF9EC}.Release|Any CPU.ActiveCfg = Release|Any CPU
		{F16D7A76-7C67-49CF-8212-854FDF8CF9EC}.Release|Any CPU.Build.0 = Release|Any CPU
		{DB4CBDF7-B984-4178-BB78-FCA64ABADB34}.Debug|Any CPU.ActiveCfg = Debug|Any CPU
		{DB4CBDF7-B984-4178-BB78-FCA64ABADB34}.Debug|Any CPU.Build.0 = Debug|Any CPU
		{DB4CBDF7-B984-4178-BB78-FCA64ABADB34}.Release|Any CPU.ActiveCfg = Release|Any CPU
		{DB4CBDF7-B984-4178-BB78-FCA64ABADB34}.Release|Any CPU.Build.0 = Release|Any CPU
		{51648FC8-2A11-4C8D-8FC9-EB98D88E3A05}.Debug|Any CPU.ActiveCfg = Debug|Any CPU
		{51648FC8-2A11-4C8D-8FC9-EB98D88E3A05}.Debug|Any CPU.Build.0 = Debug|Any CPU
		{51648FC8-2A11-4C8D-8FC9-EB98D88E3A05}.Release|Any CPU.ActiveCfg = Release|Any CPU
		{51648FC8-2A11-4C8D-8FC9-EB98D88E3A05}.Release|Any CPU.Build.0 = Release|Any CPU
		{8439EB82-00B4-489B-8368-A0AD522BD3D6}.Debug|Any CPU.ActiveCfg = Debug|Any CPU
		{8439EB82-00B4-489B-8368-A0AD522BD3D6}.Debug|Any CPU.Build.0 = Debug|Any CPU
		{8439EB82-00B4-489B-8368-A0AD522BD3D6}.Release|Any CPU.ActiveCfg = Release|Any CPU
		{8439EB82-00B4-489B-8368-A0AD522BD3D6}.Release|Any CPU.Build.0 = Release|Any CPU
		{73C0EA02-DF3A-4EF5-839A-E6112EDDC209}.Debug|Any CPU.ActiveCfg = Debug|Any CPU
		{73C0EA02-DF3A-4EF5-839A-E6112EDDC209}.Debug|Any CPU.Build.0 = Debug|Any CPU
		{73C0EA02-DF3A-4EF5-839A-E6112EDDC209}.Release|Any CPU.ActiveCfg = Release|Any CPU
		{73C0EA02-DF3A-4EF5-839A-E6112EDDC209}.Release|Any CPU.Build.0 = Release|Any CPU
		{5FC589C4-C571-4B60-BED0-E6604B4B296E}.Debug|Any CPU.ActiveCfg = Debug|Any CPU
		{5FC589C4-C571-4B60-BED0-E6604B4B296E}.Debug|Any CPU.Build.0 = Debug|Any CPU
		{5FC589C4-C571-4B60-BED0-E6604B4B296E}.Release|Any CPU.ActiveCfg = Release|Any CPU
		{5FC589C4-C571-4B60-BED0-E6604B4B296E}.Release|Any CPU.Build.0 = Release|Any CPU
		{4678944A-3C33-4422-AF03-0342C75A3BC9}.Debug|Any CPU.ActiveCfg = Debug|Any CPU
		{4678944A-3C33-4422-AF03-0342C75A3BC9}.Debug|Any CPU.Build.0 = Debug|Any CPU
		{4678944A-3C33-4422-AF03-0342C75A3BC9}.Release|Any CPU.ActiveCfg = Release|Any CPU
		{4678944A-3C33-4422-AF03-0342C75A3BC9}.Release|Any CPU.Build.0 = Release|Any CPU
		{46FD18E7-C50F-415D-A83E-C95BBD152BDA}.Debug|Any CPU.ActiveCfg = Debug|Any CPU
		{46FD18E7-C50F-415D-A83E-C95BBD152BDA}.Debug|Any CPU.Build.0 = Debug|Any CPU
		{46FD18E7-C50F-415D-A83E-C95BBD152BDA}.Release|Any CPU.ActiveCfg = Release|Any CPU
		{46FD18E7-C50F-415D-A83E-C95BBD152BDA}.Release|Any CPU.Build.0 = Release|Any CPU
		{3B8632CE-6DC7-4ED7-940D-5231A4E88EFA}.Debug|Any CPU.ActiveCfg = Debug|Any CPU
		{3B8632CE-6DC7-4ED7-940D-5231A4E88EFA}.Debug|Any CPU.Build.0 = Debug|Any CPU
		{3B8632CE-6DC7-4ED7-940D-5231A4E88EFA}.Release|Any CPU.ActiveCfg = Release|Any CPU
		{3B8632CE-6DC7-4ED7-940D-5231A4E88EFA}.Release|Any CPU.Build.0 = Release|Any CPU
		{2FA311F7-6C22-4B2D-AAA7-E34BD56E5FC3}.Debug|Any CPU.ActiveCfg = Debug|Any CPU
		{2FA311F7-6C22-4B2D-AAA7-E34BD56E5FC3}.Debug|Any CPU.Build.0 = Debug|Any CPU
		{2FA311F7-6C22-4B2D-AAA7-E34BD56E5FC3}.Release|Any CPU.ActiveCfg = Release|Any CPU
		{2FA311F7-6C22-4B2D-AAA7-E34BD56E5FC3}.Release|Any CPU.Build.0 = Release|Any CPU
		{9FFBF726-1CD7-4488-A737-34E7F951F95D}.Debug|Any CPU.ActiveCfg = Debug|Any CPU
		{9FFBF726-1CD7-4488-A737-34E7F951F95D}.Debug|Any CPU.Build.0 = Debug|Any CPU
		{9FFBF726-1CD7-4488-A737-34E7F951F95D}.Release|Any CPU.ActiveCfg = Release|Any CPU
		{9FFBF726-1CD7-4488-A737-34E7F951F95D}.Release|Any CPU.Build.0 = Release|Any CPU
		{6801665A-65BD-4698-9C12-4CCC2BC19B10}.Debug|Any CPU.ActiveCfg = Debug|Any CPU
		{6801665A-65BD-4698-9C12-4CCC2BC19B10}.Debug|Any CPU.Build.0 = Debug|Any CPU
		{6801665A-65BD-4698-9C12-4CCC2BC19B10}.Release|Any CPU.ActiveCfg = Release|Any CPU
		{6801665A-65BD-4698-9C12-4CCC2BC19B10}.Release|Any CPU.Build.0 = Release|Any CPU
	EndGlobalSection
	GlobalSection(SolutionProperties) = preSolution
		HideSolutionNode = FALSE
	EndGlobalSection
	GlobalSection(NestedProjects) = preSolution
		{5DC83FD6-742F-4AB0-AFB4-7C3A974F7C99} = {86C5E3DF-5983-4694-BBC4-ED6BF10AA8C4}
		{66FE4796-9841-4BA6-9566-4133FE0EE791} = {86C5E3DF-5983-4694-BBC4-ED6BF10AA8C4}
		{30D457A0-BB1E-40F5-A3EB-D6B085E3F923} = {86C5E3DF-5983-4694-BBC4-ED6BF10AA8C4}
		{C00841A5-A969-45D9-A810-EA04ADBF18F8} = {86C5E3DF-5983-4694-BBC4-ED6BF10AA8C4}
		{F5773792-7384-4B50-ACB1-B89D17259AB7} = {86C5E3DF-5983-4694-BBC4-ED6BF10AA8C4}
		{6C035641-965A-4839-A239-C51F8DEA7621} = {50748FFD-D3B3-4D62-911A-6582BCC180A4}
		{ED484F36-3023-4F72-A728-CC8460D48A8F} = {50748FFD-D3B3-4D62-911A-6582BCC180A4}
		{C9CB6AD7-18F0-4B78-A2C3-D01929820516} = {50748FFD-D3B3-4D62-911A-6582BCC180A4}
		{DA6664CF-E183-406F-A329-462E32901EF3} = {50748FFD-D3B3-4D62-911A-6582BCC180A4}
		{B8E06902-9320-4976-BA15-72A5578A695A} = {50748FFD-D3B3-4D62-911A-6582BCC180A4}
		{41172A0D-93B7-47B4-BD54-2745A2EC1095} = {50748FFD-D3B3-4D62-911A-6582BCC180A4}
		{CE339917-1817-410A-A0D6-EFF144FBF261} = {E7C99323-9944-4754-B8E8-264DA70684F5}
		{A12D98C0-55F5-438C-9F8A-F5382E6F01A0} = {E7C99323-9944-4754-B8E8-264DA70684F5}
		{622D4950-6E84-4DFF-8AB9-9A9717E3CE96} = {937AC0E7-0A28-4E7B-8F21-D8AABE00886F}
		{C18C66D9-E04A-47C4-8792-6B154641366E} = {937AC0E7-0A28-4E7B-8F21-D8AABE00886F}
		{608802EB-12B5-4ED4-9F0C-385772211FB4} = {937AC0E7-0A28-4E7B-8F21-D8AABE00886F}
		{8EC6B8A4-6F79-465D-8220-C460888C7B45} = {937AC0E7-0A28-4E7B-8F21-D8AABE00886F}
		{BEE8787D-891F-42B4-9C2E-9CA952FFD6C2} = {937AC0E7-0A28-4E7B-8F21-D8AABE00886F}
		{24D231C9-15F0-4901-85FE-39E177C786AC} = {937AC0E7-0A28-4E7B-8F21-D8AABE00886F}
		{E3CF971E-3167-498F-BB5B-DE6C6E6A7C06} = {937AC0E7-0A28-4E7B-8F21-D8AABE00886F}
		{5541A554-BEAF-4DBE-AC7A-97A799CA8007} = {937AC0E7-0A28-4E7B-8F21-D8AABE00886F}
		{23FBEEF8-25AF-4E4C-880E-772192A2B1BA} = {937AC0E7-0A28-4E7B-8F21-D8AABE00886F}
		{6DC46EF3-A26F-4F08-99C0-4080E32104B7} = {937AC0E7-0A28-4E7B-8F21-D8AABE00886F}
		{4292639A-B3C6-414B-9FB7-C05591846BCE} = {33EBA9BB-A08C-4D1D-A09D-58B68FBBEE82}
		{C4EBDD11-DDC1-4ADB-B0A6-2C1E31084186} = {33EBA9BB-A08C-4D1D-A09D-58B68FBBEE82}
		{B1236934-3EC6-4A13-9472-751E39F97A18} = {33EBA9BB-A08C-4D1D-A09D-58B68FBBEE82}
		{F322EBC4-CF97-457F-9932-C6ADF1DF830E} = {D9D0AB67-F893-4131-8A26-A83866622C67}
		{2BFCB152-8762-430E-ADC0-870A260067C7} = {D9D0AB67-F893-4131-8A26-A83866622C67}
		{2403AA7C-2772-4C72-B39A-D7E9B58D5ECF} = {568B83E9-D040-42BE-9214-B65F76315300}
		{B2DC8077-6C1F-4F6F-8ECB-01AAE151851C} = {568B83E9-D040-42BE-9214-B65F76315300}
		{8B42AA38-79C0-4CEB-8669-A96E2F3F9E6D} = {3137B825-0772-47A3-8A74-1141D86823B3}
		{BAD566C5-B899-4974-A8C3-9D29C964FBEA} = {3137B825-0772-47A3-8A74-1141D86823B3}
		{A74D72BC-B90F-4B23-A5D2-DE9E3CB4C24F} = {11BC6FFD-6479-4C72-88FC-8B61E850BAF4}
		{7285A82A-6E11-46F2-B5F3-003575FFF1D2} = {11BC6FFD-6479-4C72-88FC-8B61E850BAF4}
		{40C89F10-F8AC-4559-8B62-EF546F22AEBE} = {11BC6FFD-6479-4C72-88FC-8B61E850BAF4}
		{DD5711D9-0D95-45A7-BAB5-211F2CEEFDDD} = {11BC6FFD-6479-4C72-88FC-8B61E850BAF4}
		{F16D7A76-7C67-49CF-8212-854FDF8CF9EC} = {11BC6FFD-6479-4C72-88FC-8B61E850BAF4}
		{DB4CBDF7-B984-4178-BB78-FCA64ABADB34} = {B0731D8F-2983-486E-9AE1-E280656F4FEF}
		{51648FC8-2A11-4C8D-8FC9-EB98D88E3A05} = {6E70CDE5-AFF0-4065-9BA6-33D4034F2C3A}
		{8439EB82-00B4-489B-8368-A0AD522BD3D6} = {B0ABFF3F-2309-4C26-B2DC-3B24CEBC2B1C}
		{73C0EA02-DF3A-4EF5-839A-E6112EDDC209} = {9F2E3B07-5875-438F-89FB-AD541A75B826}
		{14D021F2-6720-45A6-8DF1-40B021A01216} = {3DCC7FBB-B977-4FE7-8C27-8123A1B79C79}
		{7756E37D-6E7F-47E5-9D8B-9647A635D955} = {3DCC7FBB-B977-4FE7-8C27-8123A1B79C79}
		{606C94B1-EB61-478A-A4EF-BB4FEB413547} = {3DCC7FBB-B977-4FE7-8C27-8123A1B79C79}
		{5FC589C4-C571-4B60-BED0-E6604B4B296E} = {14D021F2-6720-45A6-8DF1-40B021A01216}
		{4678944A-3C33-4422-AF03-0342C75A3BC9} = {606C94B1-EB61-478A-A4EF-BB4FEB413547}
		{46FD18E7-C50F-415D-A83E-C95BBD152BDA} = {7756E37D-6E7F-47E5-9D8B-9647A635D955}
		{2FA311F7-6C22-4B2D-AAA7-E34BD56E5FC3} = {9F2E3B07-5875-438F-89FB-AD541A75B826}
		{9FFBF726-1CD7-4488-A737-34E7F951F95D} = {098C7210-2CAF-49E1-98F4-361B18D14B69}
		{6801665A-65BD-4698-9C12-4CCC2BC19B10} = {098C7210-2CAF-49E1-98F4-361B18D14B69}
	EndGlobalSection
	GlobalSection(ExtensibilityGlobals) = postSolution
		SolutionGuid = {6BEED080-7558-4636-9B32-78799C660785}
	EndGlobalSection
EndGlobal
